
Microsoft Visual Studio Solution File, Format Version 12.00
# Visual Studio Version 16
VisualStudioVersion = 16.0.30523.141
MinimumVisualStudioVersion = 10.0.40219.1
Project("{FAE04EC0-301F-11D3-BF4B-00C04F79EFBC}") = "UD02-Ejercicio03", "UD02-Ejercicio03\UD02-Ejercicio03.csproj", "{B1A72A07-B49A-437D-8FB9-C6609B240052}"
EndProject
Global
	GlobalSection(SolutionConfigurationPlatforms) = preSolution
		Debug|Any CPU = Debug|Any CPU
		Release|Any CPU = Release|Any CPU
	EndGlobalSection
	GlobalSection(ProjectConfigurationPlatforms) = postSolution
		{B1A72A07-B49A-437D-8FB9-C6609B240052}.Debug|Any CPU.ActiveCfg = Debug|Any CPU
		{B1A72A07-B49A-437D-8FB9-C6609B240052}.Debug|Any CPU.Build.0 = Debug|Any CPU
		{B1A72A07-B49A-437D-8FB9-C6609B240052}.Release|Any CPU.ActiveCfg = Release|Any CPU
		{B1A72A07-B49A-437D-8FB9-C6609B240052}.Release|Any CPU.Build.0 = Release|Any CPU
	EndGlobalSection
	GlobalSection(SolutionProperties) = preSolution
		HideSolutionNode = FALSE
	EndGlobalSection
	GlobalSection(ExtensibilityGlobals) = postSolution
		SolutionGuid = {354F348D-4387-419F-A7C3-D70EF31AC508}
	EndGlobalSection
EndGlobal
